{
    "_readme": [
        "This file locks the dependencies of your project to a known state",
        "Read more about it at https://getcomposer.org/doc/01-basic-usage.md#composer-lock-the-lock-file",
        "This file is @generated automatically"
    ],
    "content-hash": "112eec8a38ec9956e9b8ef7af5b28b16",
    "packages": [
        {
            "name": "composer/installers",
            "version": "v1.3.0",
            "source": {
                "type": "git",
                "url": "https://github.com/composer/installers.git",
                "reference": "79ad876c7498c0bbfe7eed065b8651c93bfd6045"
            },
            "dist": {
                "type": "zip",
                "url": "https://api.github.com/repos/composer/installers/zipball/79ad876c7498c0bbfe7eed065b8651c93bfd6045",
                "reference": "79ad876c7498c0bbfe7eed065b8651c93bfd6045",
                "shasum": ""
            },
            "require": {
                "composer-plugin-api": "^1.0"
            },
            "replace": {
                "roundcube/plugin-installer": "*",
                "shama/baton": "*"
            },
            "require-dev": {
                "composer/composer": "1.0.*@dev",
                "phpunit/phpunit": "4.1.*"
            },
            "type": "composer-plugin",
            "extra": {
                "class": "Composer\\Installers\\Plugin",
                "branch-alias": {
                    "dev-master": "1.0-dev"
                }
            },
            "autoload": {
                "psr-4": {
                    "Composer\\Installers\\": "src/Composer/Installers"
                }
            },
            "notification-url": "https://packagist.org/downloads/",
            "license": [
                "MIT"
            ],
            "authors": [
                {
                    "name": "Kyle Robinson Young",
                    "email": "kyle@dontkry.com",
                    "homepage": "https://github.com/shama"
                }
            ],
            "description": "A multi-framework Composer library installer",
            "homepage": "https://composer.github.io/installers/",
            "keywords": [
                "Craft",
                "Dolibarr",
                "Eliasis",
                "Hurad",
                "ImageCMS",
                "Kanboard",
                "MODX Evo",
                "Mautic",
                "Maya",
                "OXID",
                "Plentymarkets",
                "Porto",
                "RadPHP",
                "SMF",
                "Thelia",
                "WolfCMS",
                "agl",
                "aimeos",
                "annotatecms",
                "attogram",
                "bitrix",
                "cakephp",
                "chef",
                "cockpit",
                "codeigniter",
                "concrete5",
                "croogo",
                "dokuwiki",
                "drupal",
                "elgg",
                "expressionengine",
                "fuelphp",
                "grav",
                "installer",
                "itop",
                "joomla",
                "kohana",
                "laravel",
                "lavalite",
                "lithium",
                "magento",
                "mako",
                "mediawiki",
                "modulework",
                "moodle",
                "phpbb",
                "piwik",
                "ppi",
                "puppet",
                "reindex",
                "roundcube",
                "shopware",
                "silverstripe",
                "sydes",
                "symfony",
                "typo3",
                "wordpress",
                "yawik",
                "zend",
                "zikula"
            ],
            "time": "2017-04-24T06:37:16+00:00"
        },
        {
            "name": "tiben/crontab-manager",
            "version": "v1.2.1",
            "source": {
                "type": "git",
                "url": "https://github.com/TiBeN/CrontabManager.git",
                "reference": "89827262faac9d6c836de2bc7e4c7ba7750544ee"
            },
            "dist": {
                "type": "zip",
                "url": "https://api.github.com/repos/TiBeN/CrontabManager/zipball/89827262faac9d6c836de2bc7e4c7ba7750544ee",
                "reference": "89827262faac9d6c836de2bc7e4c7ba7750544ee",
                "shasum": ""
            },
            "require": {
                "php": ">= 5.3"
            },
            "type": "library",
            "autoload": {
                "psr-4": {
                    "TiBeN\\": "src/"
                }
            },
            "notification-url": "https://packagist.org/downloads/",
            "license": [
                "Apache-2.0"
            ],
            "authors": [
                {
                    "name": "Benjamin Legendre",
                    "email": "legendre.benjamin@gmail.com"
                }
            ],
            "description": "A library for managing linux cron jobs.",
            "keywords": [
                "crontab",
                "scheduling"
            ],
            "time": "2016-08-27T09:42:19+00:00"
        }
    ],
    "packages-dev": [],
    "aliases": [],
    "minimum-stability": "stable",
    "stability-flags": [],
    "prefer-stable": false,
    "prefer-lowest": false,
    "platform": [],
    "platform-dev": []
}
